
Microsoft Visual Studio Solution File, Format Version 12.00
# Visual Studio 15
VisualStudioVersion = 15.0.28307.2017
MinimumVisualStudioVersion = 10.0.40219.1
Project("{FAE04EC0-301F-11D3-BF4B-00C04F79EFBC}") = "Sistema.Datos", "Sistema\Sistema.Datos.csproj", "{9820268C-09A1-4E60-B117-4C7F355314D0}"
EndProject
Project("{FAE04EC0-301F-11D3-BF4B-00C04F79EFBC}") = "Sistema.Entidad", "Sistema.Entidad\Sistema.Entidad.csproj", "{1113DEC8-A280-4D1B-B764-7AD40F21B96B}"
EndProject
Project("{FAE04EC0-301F-11D3-BF4B-00C04F79EFBC}") = "Sistema.Negocio", "Sistema.Negocio\Sistema.Negocio.csproj", "{FED6A0D5-F7D4-4487-BD05-358EDEDECDF7}"
EndProject
Project("{FAE04EC0-301F-11D3-BF4B-00C04F79EFBC}") = "Sistema.Vistas", "Sistema.Vistas\Sistema.Vistas.csproj", "{841E15CC-8D58-40C7-97D0-BA784DD42335}"
EndProject
Global
	GlobalSection(SolutionConfigurationPlatforms) = preSolution
		Debug|Any CPU = Debug|Any CPU
		Release|Any CPU = Release|Any CPU
	EndGlobalSection
	GlobalSection(ProjectConfigurationPlatforms) = postSolution
		{9820268C-09A1-4E60-B117-4C7F355314D0}.Debug|Any CPU.ActiveCfg = Debug|Any CPU
		{9820268C-09A1-4E60-B117-4C7F355314D0}.Debug|Any CPU.Build.0 = Debug|Any CPU
		{9820268C-09A1-4E60-B117-4C7F355314D0}.Release|Any CPU.ActiveCfg = Release|Any CPU
		{9820268C-09A1-4E60-B117-4C7F355314D0}.Release|Any CPU.Build.0 = Release|Any CPU
		{1113DEC8-A280-4D1B-B764-7AD40F21B96B}.Debug|Any CPU.ActiveCfg = Debug|Any CPU
		{1113DEC8-A280-4D1B-B764-7AD40F21B96B}.Debug|Any CPU.Build.0 = Debug|Any CPU
		{1113DEC8-A280-4D1B-B764-7AD40F21B96B}.Release|Any CPU.ActiveCfg = Release|Any CPU
		{1113DEC8-A280-4D1B-B764-7AD40F21B96B}.Release|Any CPU.Build.0 = Release|Any CPU
		{FED6A0D5-F7D4-4487-BD05-358EDEDECDF7}.Debug|Any CPU.ActiveCfg = Debug|Any CPU
		{FED6A0D5-F7D4-4487-BD05-358EDEDECDF7}.Debug|Any CPU.Build.0 = Debug|Any CPU
		{FED6A0D5-F7D4-4487-BD05-358EDEDECDF7}.Release|Any CPU.ActiveCfg = Release|Any CPU
		{FED6A0D5-F7D4-4487-BD05-358EDEDECDF7}.Release|Any CPU.Build.0 = Release|Any CPU
		{841E15CC-8D58-40C7-97D0-BA784DD42335}.Debug|Any CPU.ActiveCfg = Debug|Any CPU
		{841E15CC-8D58-40C7-97D0-BA784DD42335}.Debug|Any CPU.Build.0 = Debug|Any CPU
		{841E15CC-8D58-40C7-97D0-BA784DD42335}.Release|Any CPU.ActiveCfg = Release|Any CPU
		{841E15CC-8D58-40C7-97D0-BA784DD42335}.Release|Any CPU.Build.0 = Release|Any CPU
	EndGlobalSection
	GlobalSection(SolutionProperties) = preSolution
		HideSolutionNode = FALSE
	EndGlobalSection
	GlobalSection(ExtensibilityGlobals) = postSolution
		SolutionGuid = {28DDBAF9-5920-481A-9387-9F1F87703D88}
	EndGlobalSection
EndGlobal
